
Microsoft Visual Studio Solution File, Format Version 12.00
# Visual Studio Version 17
VisualStudioVersion = 17.14.37111.16
MinimumVisualStudioVersion = 10.0.40219.1
Project("{FAE04EC0-301F-11D3-BF4B-00C04F79EFBC}") = "Accounting", "Accounting\Accounting.csproj", "{2FF696CC-5D5C-4BA6-8066-0F57684E7C2D}"
EndProject
Global
	GlobalSection(SolutionConfigurationPlatforms) = preSolution
		Debug|Any CPU = Debug|Any CPU
		Release|Any CPU = Release|Any CPU
	EndGlobalSection
	GlobalSection(ProjectConfigurationPlatforms) = postSolution
		{2FF696CC-5D5C-4BA6-8066-0F57684E7C2D}.Debug|Any CPU.ActiveCfg = Debug|Any CPU
		{2FF696CC-5D5C-4BA6-8066-0F57684E7C2D}.Debug|Any CPU.Build.0 = Debug|Any CPU
		{2FF696CC-5D5C-4BA6-8066-0F57684E7C2D}.Release|Any CPU.ActiveCfg = Release|Any CPU
		{2FF696CC-5D5C-4BA6-8066-0F57684E7C2D}.Release|Any CPU.Build.0 = Release|Any CPU
	EndGlobalSection
	GlobalSection(SolutionProperties) = preSolution
		HideSolutionNode = FALSE
	EndGlobalSection
	GlobalSection(ExtensibilityGlobals) = postSolution
		SolutionGuid = {175BF27A-4334-482C-884A-8B69EE12163E}
	EndGlobalSection
EndGlobal
